<?xml version="1.0" encoding="utf-8"?>
<Project ToolsVersion="16.0" xmlns="http://schemas.microsoft.com/developer/msbuild/2003">
  <ItemGroup>
    <ClCompile Include="D:\VisualStudioRepos\shm\lib\io\shm\ecal_memfile.cpp">
      <Filter>Source Files</Filter>
    </ClCompile>
    <ClCompile Include="D:\VisualStudioRepos\shm\lib\io\shm\ecal_memfile_db.cpp">
      <Filter>Source Files</Filter>
    </ClCompile>
    <ClCompile Include="D:\VisualStudioRepos\shm\lib\io\mtx\ecal_named_mutex.cpp">
      <Filter>Source Files</Filter>
    </ClCompile>
    <ClCompile Include="D:\VisualStudioRepos\shm\lib\io\mtx\win32\ecal_named_mutex_impl.cpp">
      <Filter>Source Files</Filter>
    </ClCompile>
    <ClCompile Include="D:\VisualStudioRepos\shm\lib\io\shm\win32\ecal_memfile_os.cpp">
      <Filter>Source Files</Filter>
    </ClCompile>
  </ItemGroup>
  <ItemGroup>
    <ClInclude Include="D:\VisualStudioRepos\shm\lib\ecal_def.h">
      <Filter>Header Files</Filter>
    </ClInclude>
    <ClInclude Include="D:\VisualStudioRepos\shm\lib\io\shm\ecal_memfile_header.h">
      <Filter>Header Files</Filter>
    </ClInclude>
    <ClInclude Include="D:\VisualStudioRepos\shm\lib\io\shm\ecal_memfile.h">
      <Filter>Header Files</Filter>
    </ClInclude>
    <ClInclude Include="D:\VisualStudioRepos\shm\lib\io\shm\ecal_memfile_db.h">
      <Filter>Header Files</Filter>
    </ClInclude>
    <ClInclude Include="D:\VisualStudioRepos\shm\lib\io\shm\ecal_memfile_info.h">
      <Filter>Header Files</Filter>
    </ClInclude>
    <ClInclude Include="D:\VisualStudioRepos\shm\lib\io\mtx\win32\ecal_named_mutex_impl.h">
      <Filter>Header Files</Filter>
    </ClInclude>
  </ItemGroup>
  <ItemGroup>
    <CustomBuild Include="D:\VisualStudioRepos\shm\lib\CMakeLists.txt" />
  </ItemGroup>
  <ItemGroup>
    <Filter Include="Header Files">
      <UniqueIdentifier>{620BBC0E-5B0C-3EB2-B501-D3541E4C671C}</UniqueIdentifier>
    </Filter>
    <Filter Include="Source Files">
      <UniqueIdentifier>{9673BDCD-EA1C-3673-8BE4-05099623B589}</UniqueIdentifier>
    </Filter>
  </ItemGroup>
</Project>
